// !$*UTF8*$!
{
	archiveVersion = 1;
	classes = {
	};
	objectVersion = 48;
	objects = {

/* Begin PBXBuildFile section */
		51F667FD1F93FD12000E5C57 /* AppDelegate.swift in Sources */ = {isa = PBXBuildFile; fileRef = 51F667FC1F93FD12000E5C57 /* AppDelegate.swift */; };
		51F667FF1F93FD12000E5C57 /* ViewController.swift in Sources */ = {isa = PBXBuildFile; fileRef = 51F667FE1F93FD12000E5C57 /* ViewController.swift */; };
		51F668011F93FD12000E5C57 /* Assets.xcassets in Resources */ = {isa = PBXBuildFile; fileRef = 51F668001F93FD12000E5C57 /* Assets.xcassets */; };
		51F668041F93FD12000E5C57 /* Main.storyboard in Resources */ = {isa = PBXBuildFile; fileRef = 51F668021F93FD12000E5C57 /* Main.storyboard */; };
		51F668131F93FD1C000E5C57 /* Cocoa.framework in Frameworks */ = {isa = PBXBuildFile; fileRef = 51F668121F93FD1C000E5C57 /* Cocoa.framework */; };
		51F668161F93FD1C000E5C57 /* SourceEditorExtension.swift in Sources */ = {isa = PBXBuildFile; fileRef = 51F668151F93FD1C000E5C57 /* SourceEditorExtension.swift */; };
		51F668181F93FD1C000E5C57 /* SourceEditorCommand.swift in Sources */ = {isa = PBXBuildFile; fileRef = 51F668171F93FD1C000E5C57 /* SourceEditorCommand.swift */; };
		51F6681D1F93FD1C000E5C57 /* Extension.appex in Embed App Extensions */ = {isa = PBXBuildFile; fileRef = 51F668101F93FD1C000E5C57 /* Extension.appex */; settings = {ATTRIBUTES = (RemoveHeadersOnCopy, ); }; };
/* End PBXBuildFile section */

/* Begin PBXContainerItemProxy section */
		51F6681B1F93FD1C000E5C57 /* PBXContainerItemProxy */ = {
			isa = PBXContainerItemProxy;
			containerPortal = 51F667F11F93FD12000E5C57 /* Project object */;
			proxyType = 1;
			remoteGlobalIDString = 51F6680F1F93FD1C000E5C57;
			remoteInfo = Extension;
		};
/* End PBXContainerItemProxy section */

/* Begin PBXCopyFilesBuildPhase section */
		51F668211F93FD1C000E5C57 /* Embed App Extensions */ = {
			isa = PBXCopyFilesBuildPhase;
			buildActionMask = 2147483647;
			dstPath = "";
			dstSubfolderSpec = 13;
			files = (
				51F6681D1F93FD1C000E5C57 /* Extension.appex in Embed App Extensions */,
			);
			name = "Embed App Extensions";
			runOnlyForDeploymentPostprocessing = 0;
		};
/* End PBXCopyFilesBuildPhase section */

/* Begin PBXFileReference section */
		51F667F91F93FD12000E5C57 /* Sharpshooter.app */ = {isa = PBXFileReference; explicitFileType = wrapper.application; includeInIndex = 0; path = Sharpshooter.app; sourceTree = BUILT_PRODUCTS_DIR; };
		51F667FC1F93FD12000E5C57 /* AppDelegate.swift */ = {isa = PBXFileReference; lastKnownFileType = sourcecode.swift; path = AppDelegate.swift; sourceTree = "<group>"; };
		51F667FE1F93FD12000E5C57 /* ViewController.swift */ = {isa = PBXFileReference; lastKnownFileType = sourcecode.swift; path = ViewController.swift; sourceTree = "<group>"; };
		51F668001F93FD12000E5C57 /* Assets.xcassets */ = {isa = PBXFileReference; lastKnownFileType = folder.assetcatalog; path = Assets.xcassets; sourceTree = "<group>"; };
		51F668031F93FD12000E5C57 /* Base */ = {isa = PBXFileReference; lastKnownFileType = file.storyboard; name = Base; path = Base.lproj/Main.storyboard; sourceTree = "<group>"; };
		51F668051F93FD12000E5C57 /* Info.plist */ = {isa = PBXFileReference; lastKnownFileType = text.plist.xml; path = Info.plist; sourceTree = "<group>"; };
		51F668061F93FD12000E5C57 /* Sharpshooter.entitlements */ = {isa = PBXFileReference; lastKnownFileType = text.plist.entitlements; path = Sharpshooter.entitlements; sourceTree = "<group>"; };
		51F668101F93FD1C000E5C57 /* Extension.appex */ = {isa = PBXFileReference; explicitFileType = "wrapper.app-extension"; includeInIndex = 0; path = Extension.appex; sourceTree = BUILT_PRODUCTS_DIR; };
		51F668121F93FD1C000E5C57 /* Cocoa.framework */ = {isa = PBXFileReference; lastKnownFileType = wrapper.framework; name = Cocoa.framework; path = System/Library/Frameworks/Cocoa.framework; sourceTree = SDKROOT; };
		51F668151F93FD1C000E5C57 /* SourceEditorExtension.swift */ = {isa = PBXFileReference; lastKnownFileType = sourcecode.swift; path = SourceEditorExtension.swift; sourceTree = "<group>"; };
		51F668171F93FD1C000E5C57 /* SourceEditorCommand.swift */ = {isa = PBXFileReference; lastKnownFileType = sourcecode.swift; path = SourceEditorCommand.swift; sourceTree = "<group>"; };
		51F668191F93FD1C000E5C57 /* Info.plist */ = {isa = PBXFileReference; lastKnownFileType = text.plist.xml; path = Info.plist; sourceTree = "<group>"; };
		51F6681A1F93FD1C000E5C57 /* Extension.entitlements */ = {isa = PBXFileReference; lastKnownFileType = text.plist.entitlements; path = Extension.entitlements; sourceTree = "<group>"; };
/* End PBXFileReference section */

/* Begin PBXFrameworksBuildPhase section */
		51F667F61F93FD12000E5C57 /* Frameworks */ = {
			isa = PBXFrameworksBuildPhase;
			buildActionMask = 2147483647;
			files = (
			);
			runOnlyForDeploymentPostprocessing = 0;
		};
		51F6680D1F93FD1C000E5C57 /* Frameworks */ = {
			isa = PBXFrameworksBuildPhase;
			buildActionMask = 2147483647;
			files = (
				51F668131F93FD1C000E5C57 /* Cocoa.framework in Frameworks */,
			);
			runOnlyForDeploymentPostprocessing = 0;
		};
/* End PBXFrameworksBuildPhase section */

/* Begin PBXGroup section */
		51F667F01F93FD12000E5C57 = {
			isa = PBXGroup;
			children = (
				51F667FB1F93FD12000E5C57 /* Sharpshooter */,
				51F668141F93FD1C000E5C57 /* Extension */,
				51F668111F93FD1C000E5C57 /* Frameworks */,
				51F667FA1F93FD12000E5C57 /* Products */,
			);
			sourceTree = "<group>";
		};
		51F667FA1F93FD12000E5C57 /* Products */ = {
			isa = PBXGroup;
			children = (
				51F667F91F93FD12000E5C57 /* Sharpshooter.app */,
				51F668101F93FD1C000E5C57 /* Extension.appex */,
			);
			name = Products;
			sourceTree = "<group>";
		};
		51F667FB1F93FD12000E5C57 /* Sharpshooter */ = {
			isa = PBXGroup;
			children = (
				51F667FC1F93FD12000E5C57 /* AppDelegate.swift */,
				51F667FE1F93FD12000E5C57 /* ViewController.swift */,
				51F668001F93FD12000E5C57 /* Assets.xcassets */,
				51F668021F93FD12000E5C57 /* Main.storyboard */,
				51F668051F93FD12000E5C57 /* Info.plist */,
				51F668061F93FD12000E5C57 /* Sharpshooter.entitlements */,
			);
			path = Sharpshooter;
			sourceTree = "<group>";
		};
		51F668111F93FD1C000E5C57 /* Frameworks */ = {
			isa = PBXGroup;
			children = (
				51F668121F93FD1C000E5C57 /* Cocoa.framework */,
			);
			name = Frameworks;
			sourceTree = "<group>";
		};
		51F668141F93FD1C000E5C57 /* Extension */ = {
			isa = PBXGroup;
			children = (
				51F668151F93FD1C000E5C57 /* SourceEditorExtension.swift */,
				51F668171F93FD1C000E5C57 /* SourceEditorCommand.swift */,
				51F668191F93FD1C000E5C57 /* Info.plist */,
				51F6681A1F93FD1C000E5C57 /* Extension.entitlements */,
			);
			path = Extension;
			sourceTree = "<group>";
		};
/* End PBXGroup section */

/* Begin PBXNativeTarget section */
		51F667F81F93FD12000E5C57 /* Sharpshooter */ = {
			isa = PBXNativeTarget;
			buildConfigurationList = 51F668091F93FD12000E5C57 /* Build configuration list for PBXNativeTarget "Sharpshooter" */;
			buildPhases = (
				51F667F51F93FD12000E5C57 /* Sources */,
				51F667F61F93FD12000E5C57 /* Frameworks */,
				51F667F71F93FD12000E5C57 /* Resources */,
				51F668211F93FD1C000E5C57 /* Embed App Extensions */,
			);
			buildRules = (
			);
			dependencies = (
				51F6681C1F93FD1C000E5C57 /* PBXTargetDependency */,
			);
			name = Sharpshooter;
			productName = Sharpshooter;
			productReference = 51F667F91F93FD12000E5C57 /* Sharpshooter.app */;
			productType = "com.apple.product-type.application";
		};
		51F6680F1F93FD1C000E5C57 /* Extension */ = {
			isa = PBXNativeTarget;
			buildConfigurationList = 51F6681E1F93FD1C000E5C57 /* Build configuration list for PBXNativeTarget "Extension" */;
			buildPhases = (
				51F6680C1F93FD1C000E5C57 /* Sources */,
				51F6680D1F93FD1C000E5C57 /* Frameworks */,
				51F6680E1F93FD1C000E5C57 /* Resources */,
			);
			buildRules = (
			);
			dependencies = (
			);
			name = Extension;
			productName = Extension;
			productReference = 51F668101F93FD1C000E5C57 /* Extension.appex */;
			productType = "com.apple.product-type.xcode-extension";
		};
/* End PBXNativeTarget section */

/* Begin PBXProject section */
		51F667F11F93FD12000E5C57 /* Project object */ = {
			isa = PBXProject;
			attributes = {
				LastSwiftUpdateCheck = 0900;
				LastUpgradeCheck = 0900;
				ORGANIZATIONNAME = "Paul Hudson";
				TargetAttributes = {
					51F667F81F93FD12000E5C57 = {
						CreatedOnToolsVersion = 9.0;
						ProvisioningStyle = Automatic;
					};
					51F6680F1F93FD1C000E5C57 = {
						CreatedOnToolsVersion = 9.0;
						ProvisioningStyle = Automatic;
					};
				};
			};
			buildConfigurationList = 51F667F41F93FD12000E5C57 /* Build configuration list for PBXProject "Sharpshooter" */;
			compatibilityVersion = "Xcode 8.0";
			developmentRegion = en;
			hasScannedForEncodings = 0;
			knownRegions = (
				en,
				Base,
			);
			mainGroup = 51F667F01F93FD12000E5C57;
			productRefGroup = 51F667FA1F93FD12000E5C57 /* Products */;
			projectDirPath = "";
			projectRoot = "";
			targets = (
				51F667F81F93FD12000E5C57 /* Sharpshooter */,
				51F6680F1F93FD1C000E5C57 /* Extension */,
			);
		};
/* End PBXProject section */

/* Begin PBXResourcesBuildPhase section */
		51F667F71F93FD12000E5C57 /* Resources */ = {
			isa = PBXResourcesBuildPhase;
			buildActionMask = 2147483647;
			files = (
				51F668011F93FD12000E5C57 /* Assets.xcassets in Resources */,
				51F668041F93FD12000E5C57 /* Main.storyboard in Resources */,
			);
			runOnlyForDeploymentPostprocessing = 0;
		};
		51F6680E1F93FD1C000E5C57 /* Resources */ = {
			isa = PBXResourcesBuildPhase;
			buildActionMask = 2147483647;
			files = (
			);
			runOnlyForDeploymentPostprocessing = 0;
		};
/* End PBXResourcesBuildPhase section */

/* Begin PBXSourcesBuildPhase section */
		51F667F51F93FD12000E5C57 /* Sources */ = {
			isa = PBXSourcesBuildPhase;
			buildActionMask = 2147483647;
			files = (
				51F667FF1F93FD12000E5C57 /* ViewController.swift in Sources */,
				51F667FD1F93FD12000E5C57 /* AppDelegate.swift in Sources */,
			);
			runOnlyForDeploymentPostprocessing = 0;
		};
		51F6680C1F93FD1C000E5C57 /* Sources */ = {
			isa = PBXSourcesBuildPhase;
			buildActionMask = 2147483647;
			files = (
				51F668161F93FD1C000E5C57 /* SourceEditorExtension.swift in Sources */,
				51F668181F93FD1C000E5C57 /* SourceEditorCommand.swift in Sources */,
			);
			runOnlyForDeploymentPostprocessing = 0;
		};
/* End PBXSourcesBuildPhase section */

/* Begin PBXTargetDependency section */
		51F6681C1F93FD1C000E5C57 /* PBXTargetDependency */ = {
			isa = PBXTargetDependency;
			target = 51F6680F1F93FD1C000E5C57 /* Extension */;
			targetProxy = 51F6681B1F93FD1C000E5C57 /* PBXContainerItemProxy */;
		};
/* End PBXTargetDependency section */

/* Begin PBXVariantGroup section */
		51F668021F93FD12000E5C57 /* Main.storyboard */ = {
			isa = PBXVariantGroup;
			children = (
				51F668031F93FD12000E5C57 /* Base */,
			);
			name = Main.storyboard;
			sourceTree = "<group>";
		};
/* End PBXVariantGroup section */

/* Begin XCBuildConfiguration section */
		51F668071F93FD12000E5C57 /* Debug */ = {
			isa = XCBuildConfiguration;
			buildSettings = {
				ALWAYS_SEARCH_USER_PATHS = NO;
				CLANG_ANALYZER_NONNULL = YES;
				CLANG_ANALYZER_NUMBER_OBJECT_CONVERSION = YES_AGGRESSIVE;
				CLANG_CXX_LANGUAGE_STANDARD = "gnu++14";
				CLANG_CXX_LIBRARY = "libc++";
				CLANG_ENABLE_MODULES = YES;
				CLANG_ENABLE_OBJC_ARC = YES;
				CLANG_WARN_BLOCK_CAPTURE_AUTORELEASING = YES;
				CLANG_WARN_BOOL_CONVERSION = YES;
				CLANG_WARN_COMMA = YES;
				CLANG_WARN_CONSTANT_CONVERSION = YES;
				CLANG_WARN_DIRECT_OBJC_ISA_USAGE = YES_ERROR;
				CLANG_WARN_DOCUMENTATION_COMMENTS = YES;
				CLANG_WARN_EMPTY_BODY = YES;
				CLANG_WARN_ENUM_CONVERSION = YES;
				CLANG_WARN_INFINITE_RECURSION = YES;
				CLANG_WARN_INT_CONVERSION = YES;
				CLANG_WARN_NON_LITERAL_NULL_CONVERSION = YES;
				CLANG_WARN_OBJC_LITERAL_CONVERSION = YES;
				CLANG_WARN_OBJC_ROOT_CLASS = YES_ERROR;
				CLANG_WARN_RANGE_LOOP_ANALYSIS = YES;
				CLANG_WARN_STRICT_PROTOTYPES = YES;
				CLANG_WARN_SUSPICIOUS_MOVE = YES;
				CLANG_WARN_UNGUARDED_AVAILABILITY = YES_AGGRESSIVE;
				CLANG_WARN_UNREACHABLE_CODE = YES;
				CLANG_WARN__DUPLICATE_METHOD_MATCH = YES;
				CODE_SIGN_IDENTITY = "Mac Developer";
				COPY_PHASE_STRIP = NO;
				DEBUG_INFORMATION_FORMAT = dwarf;
				ENABLE_STRICT_OBJC_MSGSEND = YES;
				ENABLE_TESTABILITY = YES;
				GCC_C_LANGUAGE_STANDARD = gnu11;
				GCC_DYNAMIC_NO_PIC = NO;
				GCC_NO_COMMON_BLOCKS = YES;
				GCC_OPTIMIZATION_LEVEL = 0;
				GCC_PREPROCESSOR_DEFINITIONS = (
					"DEBUG=1",
					"$(inherited)",
				);
				GCC_WARN_64_TO_32_BIT_CONVERSION = YES;
				GCC_WARN_ABOUT_RETURN_TYPE = YES_ERROR;
				GCC_WARN_UNDECLARED_SELECTOR = YES;
				GCC_WARN_UNINITIALIZED_AUTOS = YES_AGGRESSIVE;
				GCC_WARN_UNUSED_FUNCTION = YES;
				GCC_WARN_UNUSED_VARIABLE = YES;
				MACOSX_DEPLOYMENT_TARGET = 10.12;
				MTL_ENABLE_DEBUG_INFO = YES;
				ONLY_ACTIVE_ARCH = YES;
				SDKROOT = macosx;
				SWIFT_ACTIVE_COMPILATION_CONDITIONS = DEBUG;
				SWIFT_OPTIMIZATION_LEVEL = "-Onone";
			};
			name = Debug;
		};
		51F668081F93FD12000E5C57 /* Release */ = {
			isa = XCBuildConfiguration;
			buildSettings = {
				ALWAYS_SEARCH_USER_PATHS = NO;
				CLANG_ANALYZER_NONNULL = YES;
				CLANG_ANALYZER_NUMBER_OBJECT_CONVERSION = YES_AGGRESSIVE;
				CLANG_CXX_LANGUAGE_STANDARD = "gnu++14";
				CLANG_CXX_LIBRARY = "libc++";
				CLANG_ENABLE_MODULES = YES;
				CLANG_ENABLE_OBJC_ARC = YES;
				CLANG_WARN_BLOCK_CAPTURE_AUTORELEASING = YES;
				CLANG_WARN_BOOL_CONVERSION = YES;
				CLANG_WARN_COMMA = YES;
				CLANG_WARN_CONSTANT_CONVERSION = YES;
				CLANG_WARN_DIRECT_OBJC_ISA_USAGE = YES_ERROR;
				CLANG_WARN_DOCUMENTATION_COMMENTS = YES;
				CLANG_WARN_EMPTY_BODY = YES;
				CLANG_WARN_ENUM_CONVERSION = YES;
				CLANG_WARN_INFINITE_RECURSION = YES;
				CLANG_WARN_INT_CONVERSION = YES;
				CLANG_WARN_NON_LITERAL_NULL_CONVERSION = YES;
				CLANG_WARN_OBJC_LITERAL_CONVERSION = YES;
				CLANG_WARN_OBJC_ROOT_CLASS = YES_ERROR;
				CLANG_WARN_RANGE_LOOP_ANALYSIS = YES;
				CLANG_WARN_STRICT_PROTOTYPES = YES;
				CLANG_WARN_SUSPICIOUS_MOVE = YES;
				CLANG_WARN_UNGUARDED_AVAILABILITY = YES_AGGRESSIVE;
				CLANG_WARN_UNREACHABLE_CODE = YES;
				CLANG_WARN__DUPLICATE_METHOD_MATCH = YES;
				CODE_SIGN_IDENTITY = "Mac Developer";
				COPY_PHASE_STRIP = NO;
				DEBUG_INFORMATION_FORMAT = "dwarf-with-dsym";
				ENABLE_NS_ASSERTIONS = NO;
				ENABLE_STRICT_OBJC_MSGSEND = YES;
				GCC_C_LANGUAGE_STANDARD = gnu11;
				GCC_NO_COMMON_BLOCKS = YES;
				GCC_WARN_64_TO_32_BIT_CONVERSION = YES;
				GCC_WARN_ABOUT_RETURN_TYPE = YES_ERROR;
				GCC_WARN_UNDECLARED_SELECTOR = YES;
				GCC_WARN_UNINITIALIZED_AUTOS = YES_AGGRESSIVE;
				GCC_WARN_UNUSED_FUNCTION = YES;
				GCC_WARN_UNUSED_VARIABLE = YES;
				MACOSX_DEPLOYMENT_TARGET = 10.12;
				MTL_ENABLE_DEBUG_INFO = NO;
				SDKROOT = macosx;
				SWIFT_OPTIMIZATION_LEVEL = "-Owholemodule";
			};
			name = Release;
		};
		51F6680A1F93FD12000E5C57 /* Debug */ = {
			isa = XCBuildConfiguration;
			buildSettings = {
				ALWAYS_EMBED_SWIFT_STANDARD_LIBRARIES = YES;
				ASSETCATALOG_COMPILER_APPICON_NAME = AppIcon;
				CODE_SIGN_ENTITLEMENTS = Sharpshooter/Sharpshooter.entitlements;
				CODE_SIGN_STYLE = Automatic;
				COMBINE_HIDPI_IMAGES = YES;
				DEVELOPMENT_TEAM = B5C26XE59E;
				INFOPLIST_FILE = Sharpshooter/Info.plist;
				LD_RUNPATH_SEARCH_PATHS = "$(inherited) @executable_path/../Frameworks";
				PRODUCT_BUNDLE_IDENTIFIER = com.hackingwithswift.Sharpshooter;
				PRODUCT_NAME = "$(TARGET_NAME)";
				SWIFT_VERSION = 4.0;
			};
			name = Debug;
		};
		51F6680B1F93FD12000E5C57 /* Release */ = {
			isa = XCBuildConfiguration;
			buildSettings = {
				ALWAYS_EMBED_SWIFT_STANDARD_LIBRARIES = YES;
				ASSETCATALOG_COMPILER_APPICON_NAME = AppIcon;
				CODE_SIGN_ENTITLEMENTS = Sharpshooter/Sharpshooter.entitlements;
				CODE_SIGN_STYLE = Automatic;
				COMBINE_HIDPI_IMAGES = YES;
				DEVELOPMENT_TEAM = B5C26XE59E;
				INFOPLIST_FILE = Sharpshooter/Info.plist;
				LD_RUNPATH_SEARCH_PATHS = "$(inherited) @executable_path/../Frameworks";
				PRODUCT_BUNDLE_IDENTIFIER = com.hackingwithswift.Sharpshooter;
				PRODUCT_NAME = "$(TARGET_NAME)";
				SWIFT_VERSION = 4.0;
			};
			name = Release;
		};
		51F6681F1F93FD1C000E5C57 /* Debug */ = {
			isa = XCBuildConfiguration;
			buildSettings = {
				CODE_SIGN_ENTITLEMENTS = Extension/Extension.entitlements;
				CODE_SIGN_STYLE = Automatic;
				COMBINE_HIDPI_IMAGES = YES;
				DEVELOPMENT_TEAM = B5C26XE59E;
				INFOPLIST_FILE = Extension/Info.plist;
				LD_RUNPATH_SEARCH_PATHS = "$(inherited) @executable_path/../Frameworks @executable_path/../../../../Frameworks";
				PRODUCT_BUNDLE_IDENTIFIER = com.hackingwithswift.Sharpshooter.Extension;
				PRODUCT_NAME = "$(TARGET_NAME)";
				SKIP_INSTALL = YES;
				SWIFT_VERSION = 4.0;
			};
			name = Debug;
		};
		51F668201F93FD1C000E5C57 /* Release */ = {
			isa = XCBuildConfiguration;
			buildSettings = {
				CODE_SIGN_ENTITLEMENTS = Extension/Extension.entitlements;
				CODE_SIGN_STYLE = Automatic;
				COMBINE_HIDPI_IMAGES = YES;
				DEVELOPMENT_TEAM = B5C26XE59E;
				INFOPLIST_FILE = Extension/Info.plist;
				LD_RUNPATH_SEARCH_PATHS = "$(inherited) @executable_path/../Frameworks @executable_path/../../../../Frameworks";
				PRODUCT_BUNDLE_IDENTIFIER = com.hackingwithswift.Sharpshooter.Extension;
				PRODUCT_NAME = "$(TARGET_NAME)";
				SKIP_INSTALL = YES;
				SWIFT_VERSION = 4.0;
			};
			name = Release;
		};
/* End XCBuildConfiguration section */

/* Begin XCConfigurationList section */
		51F667F41F93FD12000E5C57 /* Build configuration list for PBXProject "Sharpshooter" */ = {
			isa = XCConfigurationList;
			buildConfigurations = (
				51F668071F93FD12000E5C57 /* Debug */,
				51F668081F93FD12000E5C57 /* Release */,
			);
			defaultConfigurationIsVisible = 0;
			defaultConfigurationName = Release;
		};
		51F668091F93FD12000E5C57 /* Build configuration list for PBXNativeTarget "Sharpshooter" */ = {
			isa = XCConfigurationList;
			buildConfigurations = (
				51F6680A1F93FD12000E5C57 /* Debug */,
				51F6680B1F93FD12000E5C57 /* Release */,
			);
			defaultConfigurationIsVisible = 0;
			defaultConfigurationName = Release;
		};
		51F6681E1F93FD1C000E5C57 /* Build configuration list for PBXNativeTarget "Extension" */ = {
			isa = XCConfigurationList;
			buildConfigurations = (
				51F6681F1F93FD1C000E5C57 /* Debug */,
				51F668201F93FD1C000E5C57 /* Release */,
			);
			defaultConfigurationIsVisible = 0;
			defaultConfigurationName = Release;
		};
/* End XCConfigurationList section */
	};
	rootObject = 51F667F11F93FD12000E5C57 /* Project object */;
}
